
Microsoft Visual Studio Solution File, Format Version 12.00
# Visual Studio 2013
VisualStudioVersion = 12.0.21005.1
MinimumVisualStudioVersion = 10.0.40219.1
Project("{FAE04EC0-301F-11D3-BF4B-00C04F79EFBC}") = "Elearning", "Elearning\Elearning.csproj", "{CE7A4249-0684-48F2-8A91-D40CE98D6429}"
EndProject
Project("{FAE04EC0-301F-11D3-BF4B-00C04F79EFBC}") = "Elearning.Tests", "Elearning.Tests\Elearning.Tests.csproj", "{29FBD8E6-5EE0-47FF-A9A8-408A9C8CB2F6}"
EndProject
Global
	GlobalSection(SolutionConfigurationPlatforms) = preSolution
		Debug|Any CPU = Debug|Any CPU
		Release|Any CPU = Release|Any CPU
	EndGlobalSection
	GlobalSection(ProjectConfigurationPlatforms) = postSolution
		{CE7A4249-0684-48F2-8A91-D40CE98D6429}.Debug|Any CPU.ActiveCfg = Debug|Any CPU
		{CE7A4249-0684-48F2-8A91-D40CE98D6429}.Debug|Any CPU.Build.0 = Debug|Any CPU
		{CE7A4249-0684-48F2-8A91-D40CE98D6429}.Release|Any CPU.ActiveCfg = Release|Any CPU
		{CE7A4249-0684-48F2-8A91-D40CE98D6429}.Release|Any CPU.Build.0 = Release|Any CPU
		{29FBD8E6-5EE0-47FF-A9A8-408A9C8CB2F6}.Debug|Any CPU.ActiveCfg = Debug|Any CPU
		{29FBD8E6-5EE0-47FF-A9A8-408A9C8CB2F6}.Debug|Any CPU.Build.0 = Debug|Any CPU
		{29FBD8E6-5EE0-47FF-A9A8-408A9C8CB2F6}.Release|Any CPU.ActiveCfg = Release|Any CPU
		{29FBD8E6-5EE0-47FF-A9A8-408A9C8CB2F6}.Release|Any CPU.Build.0 = Release|Any CPU
	EndGlobalSection
	GlobalSection(SolutionProperties) = preSolution
		HideSolutionNode = FALSE
	EndGlobalSection
EndGlobal
